{
  "originHash" : "d18113a8273bfe44f5f49299f98e36f07c5f2edad2844c21e3a1302e2c16335e",
  "pins" : [
    {
      "identity" : "swift-argument-parser",
      "kind" : "remoteSourceControl",
      "location" : "https://github.com/apple/swift-argument-parser",
      "state" : {
        "revision" : "41982a3656a71c768319979febd796c6fd111d5c",
        "version" : "1.5.0"
      }
    },
    {
      "identity" : "tomldecoder",
      "kind" : "remoteSourceControl",
      "location" : "https://github.com/dduan/TOMLDecoder",
      "state" : {
        "revision" : "a70a127cab92ddcb562a548190fa3ad2a2e5f9bc",
        "version" : "0.2.2"
      }
    }
  ],
  "version" : 3
}
